// !$*UTF8*$!
{
	archiveVersion = 1;
	classes = {
	};
	objectVersion = 55;
	objects = {

/* Begin PBXBuildFile section */
		0239B2032808D05100681E11 /* Model.swift in Sources */ = {isa = PBXBuildFile; fileRef = 0239B2022808D05100681E11 /* Model.swift */; };
		0239B2052809B80500681E11 /* SecondaryViewController.swift in Sources */ = {isa = PBXBuildFile; fileRef = 0239B2042809B80500681E11 /* SecondaryViewController.swift */; };
		025650C72808589000F7C910 /* AppDelegate.swift in Sources */ = {isa = PBXBuildFile; fileRef = 025650C62808588F00F7C910 /* AppDelegate.swift */; };
		025650C92808589000F7C910 /* SceneDelegate.swift in Sources */ = {isa = PBXBuildFile; fileRef = 025650C82808589000F7C910 /* SceneDelegate.swift */; };
		025650CB2808589000F7C910 /* ViewController.swift in Sources */ = {isa = PBXBuildFile; fileRef = 025650CA2808589000F7C910 /* ViewController.swift */; };
		025650CE2808589000F7C910 /* Main.storyboard in Resources */ = {isa = PBXBuildFile; fileRef = 025650CC2808589000F7C910 /* Main.storyboard */; };
		025650D02808589300F7C910 /* Assets.xcassets in Resources */ = {isa = PBXBuildFile; fileRef = 025650CF2808589300F7C910 /* Assets.xcassets */; };
		025650D32808589300F7C910 /* LaunchScreen.storyboard in Resources */ = {isa = PBXBuildFile; fileRef = 025650D12808589300F7C910 /* LaunchScreen.storyboard */; };
		02C8EEA02816F47900CD7287 /* Extension_+UIImageFetch.swift in Sources */ = {isa = PBXBuildFile; fileRef = 02C8EE9F2816F47900CD7287 /* Extension_+UIImageFetch.swift */; };
/* End PBXBuildFile section */

/* Begin PBXFileReference section */
		0239B2022808D05100681E11 /* Model.swift */ = {isa = PBXFileReference; lastKnownFileType = sourcecode.swift; path = Model.swift; sourceTree = "<group>"; };
		0239B2042809B80500681E11 /* SecondaryViewController.swift */ = {isa = PBXFileReference; lastKnownFileType = sourcecode.swift; path = SecondaryViewController.swift; sourceTree = "<group>"; };
		025650C32808588F00F7C910 /* ExampleMapKit.app */ = {isa = PBXFileReference; explicitFileType = wrapper.application; includeInIndex = 0; path = ExampleMapKit.app; sourceTree = BUILT_PRODUCTS_DIR; };
		025650C62808588F00F7C910 /* AppDelegate.swift */ = {isa = PBXFileReference; lastKnownFileType = sourcecode.swift; path = AppDelegate.swift; sourceTree = "<group>"; };
		025650C82808589000F7C910 /* SceneDelegate.swift */ = {isa = PBXFileReference; lastKnownFileType = sourcecode.swift; path = SceneDelegate.swift; sourceTree = "<group>"; };
		025650CA2808589000F7C910 /* ViewController.swift */ = {isa = PBXFileReference; lastKnownFileType = sourcecode.swift; path = ViewController.swift; sourceTree = "<group>"; };
		025650CD2808589000F7C910 /* Base */ = {isa = PBXFileReference; lastKnownFileType = file.storyboard; name = Base; path = Base.lproj/Main.storyboard; sourceTree = "<group>"; };
		025650CF2808589300F7C910 /* Assets.xcassets */ = {isa = PBXFileReference; lastKnownFileType = folder.assetcatalog; path = Assets.xcassets; sourceTree = "<group>"; };
		025650D22808589300F7C910 /* Base */ = {isa = PBXFileReference; lastKnownFileType = file.storyboard; name = Base; path = Base.lproj/LaunchScreen.storyboard; sourceTree = "<group>"; };
		025650D42808589300F7C910 /* Info.plist */ = {isa = PBXFileReference; lastKnownFileType = text.plist.xml; path = Info.plist; sourceTree = "<group>"; };
		02C8EE9F2816F47900CD7287 /* Extension_+UIImageFetch.swift */ = {isa = PBXFileReference; lastKnownFileType = sourcecode.swift; path = "Extension_+UIImageFetch.swift"; sourceTree = "<group>"; };
/* End PBXFileReference section */

/* Begin PBXFrameworksBuildPhase section */
		025650C02808588F00F7C910 /* Frameworks */ = {
			isa = PBXFrameworksBuildPhase;
			buildActionMask = 2147483647;
			files = (
			);
			runOnlyForDeploymentPostprocessing = 0;
		};
/* End PBXFrameworksBuildPhase section */

/* Begin PBXGroup section */
		0239B2012808D03D00681E11 /* Models */ = {
			isa = PBXGroup;
			children = (
				0239B2022808D05100681E11 /* Model.swift */,
			);
			path = Models;
			sourceTree = "<group>";
		};
		025650BA2808588F00F7C910 = {
			isa = PBXGroup;
			children = (
				025650C52808588F00F7C910 /* ExampleMapKit */,
				025650C42808588F00F7C910 /* Products */,
			);
			sourceTree = "<group>";
		};
		025650C42808588F00F7C910 /* Products */ = {
			isa = PBXGroup;
			children = (
				025650C32808588F00F7C910 /* ExampleMapKit.app */,
			);
			name = Products;
			sourceTree = "<group>";
		};
		025650C52808588F00F7C910 /* ExampleMapKit */ = {
			isa = PBXGroup;
			children = (
				02C8EE9E2816F45B00CD7287 /* Utils */,
				0239B2012808D03D00681E11 /* Models */,
				025650C62808588F00F7C910 /* AppDelegate.swift */,
				025650C82808589000F7C910 /* SceneDelegate.swift */,
				025650CA2808589000F7C910 /* ViewController.swift */,
				0239B2042809B80500681E11 /* SecondaryViewController.swift */,
				025650CC2808589000F7C910 /* Main.storyboard */,
				025650CF2808589300F7C910 /* Assets.xcassets */,
				025650D12808589300F7C910 /* LaunchScreen.storyboard */,
				025650D42808589300F7C910 /* Info.plist */,
			);
			path = ExampleMapKit;
			sourceTree = "<group>";
		};
		02C8EE9E2816F45B00CD7287 /* Utils */ = {
			isa = PBXGroup;
			children = (
				02C8EE9F2816F47900CD7287 /* Extension_+UIImageFetch.swift */,
			);
			path = Utils;
			sourceTree = "<group>";
		};
/* End PBXGroup section */

/* Begin PBXNativeTarget section */
		025650C22808588F00F7C910 /* ExampleMapKit */ = {
			isa = PBXNativeTarget;
			buildConfigurationList = 025650D72808589300F7C910 /* Build configuration list for PBXNativeTarget "ExampleMapKit" */;
			buildPhases = (
				025650BF2808588F00F7C910 /* Sources */,
				025650C02808588F00F7C910 /* Frameworks */,
				025650C12808588F00F7C910 /* Resources */,
			);
			buildRules = (
			);
			dependencies = (
			);
			name = ExampleMapKit;
			productName = ExampleMapKit;
			productReference = 025650C32808588F00F7C910 /* ExampleMapKit.app */;
			productType = "com.apple.product-type.application";
		};
/* End PBXNativeTarget section */

/* Begin PBXProject section */
		025650BB2808588F00F7C910 /* Project object */ = {
			isa = PBXProject;
			attributes = {
				BuildIndependentTargetsInParallel = 1;
				LastSwiftUpdateCheck = 1330;
				LastUpgradeCheck = 1330;
				TargetAttributes = {
					025650C22808588F00F7C910 = {
						CreatedOnToolsVersion = 13.3;
					};
				};
			};
			buildConfigurationList = 025650BE2808588F00F7C910 /* Build configuration list for PBXProject "ExampleMapKit" */;
			compatibilityVersion = "Xcode 13.0";
			developmentRegion = en;
			hasScannedForEncodings = 0;
			knownRegions = (
				en,
				Base,
			);
			mainGroup = 025650BA2808588F00F7C910;
			productRefGroup = 025650C42808588F00F7C910 /* Products */;
			projectDirPath = "";
			projectRoot = "";
			targets = (
				025650C22808588F00F7C910 /* ExampleMapKit */,
			);
		};
/* End PBXProject section */

/* Begin PBXResourcesBuildPhase section */
		025650C12808588F00F7C910 /* Resources */ = {
			isa = PBXResourcesBuildPhase;
			buildActionMask = 2147483647;
			files = (
				025650D32808589300F7C910 /* LaunchScreen.storyboard in Resources */,
				025650D02808589300F7C910 /* Assets.xcassets in Resources */,
				025650CE2808589000F7C910 /* Main.storyboard in Resources */,
			);
			runOnlyForDeploymentPostprocessing = 0;
		};
/* End PBXResourcesBuildPhase section */

/* Begin PBXSourcesBuildPhase section */
		025650BF2808588F00F7C910 /* Sources */ = {
			isa = PBXSourcesBuildPhase;
			buildActionMask = 2147483647;
			files = (
				025650CB2808589000F7C910 /* ViewController.swift in Sources */,
				025650C72808589000F7C910 /* AppDelegate.swift in Sources */,
				025650C92808589000F7C910 /* SceneDelegate.swift in Sources */,
				0239B2032808D05100681E11 /* Model.swift in Sources */,
				02C8EEA02816F47900CD7287 /* Extension_+UIImageFetch.swift in Sources */,
				0239B2052809B80500681E11 /* SecondaryViewController.swift in Sources */,
			);
			runOnlyForDeploymentPostprocessing = 0;
		};
/* End PBXSourcesBuildPhase section */

/* Begin PBXVariantGroup section */
		025650CC2808589000F7C910 /* Main.storyboard */ = {
			isa = PBXVariantGroup;
			children = (
				025650CD2808589000F7C910 /* Base */,
			);
			name = Main.storyboard;
			sourceTree = "<group>";
		};
		025650D12808589300F7C910 /* LaunchScreen.storyboard */ = {
			isa = PBXVariantGroup;
			children = (
				025650D22808589300F7C910 /* Base */,
			);
			name = LaunchScreen.storyboard;
			sourceTree = "<group>";
		};
/* End PBXVariantGroup section */

/* Begin XCBuildConfiguration section */
		025650D52808589300F7C910 /* Debug */ = {
			isa = XCBuildConfiguration;
			buildSettings = {
				ALWAYS_SEARCH_USER_PATHS = NO;
				CLANG_ANALYZER_NONNULL = YES;
				CLANG_ANALYZER_NUMBER_OBJECT_CONVERSION = YES_AGGRESSIVE;
				CLANG_CXX_LANGUAGE_STANDARD = "gnu++17";
				CLANG_ENABLE_MODULES = YES;
				CLANG_ENABLE_OBJC_ARC = YES;
				CLANG_ENABLE_OBJC_WEAK = YES;
				CLANG_WARN_BLOCK_CAPTURE_AUTORELEASING = YES;
				CLANG_WARN_BOOL_CONVERSION = YES;
				CLANG_WARN_COMMA = YES;
				CLANG_WARN_CONSTANT_CONVERSION = YES;
				CLANG_WARN_DEPRECATED_OBJC_IMPLEMENTATIONS = YES;
				CLANG_WARN_DIRECT_OBJC_ISA_USAGE = YES_ERROR;
				CLANG_WARN_DOCUMENTATION_COMMENTS = YES;
				CLANG_WARN_EMPTY_BODY = YES;
				CLANG_WARN_ENUM_CONVERSION = YES;
				CLANG_WARN_INFINITE_RECURSION = YES;
				CLANG_WARN_INT_CONVERSION = YES;
				CLANG_WARN_NON_LITERAL_NULL_CONVERSION = YES;
				CLANG_WARN_OBJC_IMPLICIT_RETAIN_SELF = YES;
				CLANG_WARN_OBJC_LITERAL_CONVERSION = YES;
				CLANG_WARN_OBJC_ROOT_CLASS = YES_ERROR;
				CLANG_WARN_QUOTED_INCLUDE_IN_FRAMEWORK_HEADER = YES;
				CLANG_WARN_RANGE_LOOP_ANALYSIS = YES;
				CLANG_WARN_STRICT_PROTOTYPES = YES;
				CLANG_WARN_SUSPICIOUS_MOVE = YES;
				CLANG_WARN_UNGUARDED_AVAILABILITY = YES_AGGRESSIVE;
				CLANG_WARN_UNREACHABLE_CODE = YES;
				CLANG_WARN__DUPLICATE_METHOD_MATCH = YES;
				COPY_PHASE_STRIP = NO;
				DEBUG_INFORMATION_FORMAT = dwarf;
				ENABLE_STRICT_OBJC_MSGSEND = YES;
				ENABLE_TESTABILITY = YES;
				GCC_C_LANGUAGE_STANDARD = gnu11;
				GCC_DYNAMIC_NO_PIC = NO;
				GCC_NO_COMMON_BLOCKS = YES;
				GCC_OPTIMIZATION_LEVEL = 0;
				GCC_PREPROCESSOR_DEFINITIONS = (
					"DEBUG=1",
					"$(inherited)",
				);
				GCC_WARN_64_TO_32_BIT_CONVERSION = YES;
				GCC_WARN_ABOUT_RETURN_TYPE = YES_ERROR;
				GCC_WARN_UNDECLARED_SELECTOR = YES;
				GCC_WARN_UNINITIALIZED_AUTOS = YES_AGGRESSIVE;
				GCC_WARN_UNUSED_FUNCTION = YES;
				GCC_WARN_UNUSED_VARIABLE = YES;
				IPHONEOS_DEPLOYMENT_TARGET = 15.4;
				MTL_ENABLE_DEBUG_INFO = INCLUDE_SOURCE;
				MTL_FAST_MATH = YES;
				ONLY_ACTIVE_ARCH = YES;
				SDKROOT = iphoneos;
				SWIFT_ACTIVE_COMPILATION_CONDITIONS = DEBUG;
				SWIFT_OPTIMIZATION_LEVEL = "-Onone";
			};
			name = Debug;
		};
		025650D62808589300F7C910 /* Release */ = {
			isa = XCBuildConfiguration;
			buildSettings = {
				ALWAYS_SEARCH_USER_PATHS = NO;
				CLANG_ANALYZER_NONNULL = YES;
				CLANG_ANALYZER_NUMBER_OBJECT_CONVERSION = YES_AGGRESSIVE;
				CLANG_CXX_LANGUAGE_STANDARD = "gnu++17";
				CLANG_ENABLE_MODULES = YES;
				CLANG_ENABLE_OBJC_ARC = YES;
				CLANG_ENABLE_OBJC_WEAK = YES;
				CLANG_WARN_BLOCK_CAPTURE_AUTORELEASING = YES;
				CLANG_WARN_BOOL_CONVERSION = YES;
				CLANG_WARN_COMMA = YES;
				CLANG_WARN_CONSTANT_CONVERSION = YES;
				CLANG_WARN_DEPRECATED_OBJC_IMPLEMENTATIONS = YES;
				CLANG_WARN_DIRECT_OBJC_ISA_USAGE = YES_ERROR;
				CLANG_WARN_DOCUMENTATION_COMMENTS = YES;
				CLANG_WARN_EMPTY_BODY = YES;
				CLANG_WARN_ENUM_CONVERSION = YES;
				CLANG_WARN_INFINITE_RECURSION = YES;
				CLANG_WARN_INT_CONVERSION = YES;
				CLANG_WARN_NON_LITERAL_NULL_CONVERSION = YES;
				CLANG_WARN_OBJC_IMPLICIT_RETAIN_SELF = YES;
				CLANG_WARN_OBJC_LITERAL_CONVERSION = YES;
				CLANG_WARN_OBJC_ROOT_CLASS = YES_ERROR;
				CLANG_WARN_QUOTED_INCLUDE_IN_FRAMEWORK_HEADER = YES;
				CLANG_WARN_RANGE_LOOP_ANALYSIS = YES;
				CLANG_WARN_STRICT_PROTOTYPES = YES;
				CLANG_WARN_SUSPICIOUS_MOVE = YES;
				CLANG_WARN_UNGUARDED_AVAILABILITY = YES_AGGRESSIVE;
				CLANG_WARN_UNREACHABLE_CODE = YES;
				CLANG_WARN__DUPLICATE_METHOD_MATCH = YES;
				COPY_PHASE_STRIP = NO;
				DEBUG_INFORMATION_FORMAT = "dwarf-with-dsym";
				ENABLE_NS_ASSERTIONS = NO;
				ENABLE_STRICT_OBJC_MSGSEND = YES;
				GCC_C_LANGUAGE_STANDARD = gnu11;
				GCC_NO_COMMON_BLOCKS = YES;
				GCC_WARN_64_TO_32_BIT_CONVERSION = YES;
				GCC_WARN_ABOUT_RETURN_TYPE = YES_ERROR;
				GCC_WARN_UNDECLARED_SELECTOR = YES;
				GCC_WARN_UNINITIALIZED_AUTOS = YES_AGGRESSIVE;
				GCC_WARN_UNUSED_FUNCTION = YES;
				GCC_WARN_UNUSED_VARIABLE = YES;
				IPHONEOS_DEPLOYMENT_TARGET = 15.4;
				MTL_ENABLE_DEBUG_INFO = NO;
				MTL_FAST_MATH = YES;
				SDKROOT = iphoneos;
				SWIFT_COMPILATION_MODE = wholemodule;
				SWIFT_OPTIMIZATION_LEVEL = "-O";
				VALIDATE_PRODUCT = YES;
			};
			name = Release;
		};
		025650D82808589300F7C910 /* Debug */ = {
			isa = XCBuildConfiguration;
			buildSettings = {
				ASSETCATALOG_COMPILER_APPICON_NAME = AppIcon;
				ASSETCATALOG_COMPILER_GLOBAL_ACCENT_COLOR_NAME = AccentColor;
				CODE_SIGN_STYLE = Automatic;
				CURRENT_PROJECT_VERSION = 1;
				GENERATE_INFOPLIST_FILE = YES;
				INFOPLIST_FILE = ExampleMapKit/Info.plist;
				INFOPLIST_KEY_UIApplicationSupportsIndirectInputEvents = YES;
				INFOPLIST_KEY_UILaunchStoryboardName = LaunchScreen;
				INFOPLIST_KEY_UIMainStoryboardFile = Main;
				INFOPLIST_KEY_UISupportedInterfaceOrientations_iPad = "UIInterfaceOrientationPortrait UIInterfaceOrientationPortraitUpsideDown UIInterfaceOrientationLandscapeLeft UIInterfaceOrientationLandscapeRight";
				INFOPLIST_KEY_UISupportedInterfaceOrientations_iPhone = "UIInterfaceOrientationPortrait UIInterfaceOrientationLandscapeLeft UIInterfaceOrientationLandscapeRight";
				LD_RUNPATH_SEARCH_PATHS = (
					"$(inherited)",
					"@executable_path/Frameworks",
				);
				MARKETING_VERSION = 1.0;
				PRODUCT_BUNDLE_IDENTIFIER = EIT.ExampleMapKit;
				PRODUCT_NAME = "$(TARGET_NAME)";
				SWIFT_EMIT_LOC_STRINGS = YES;
				SWIFT_VERSION = 5.0;
				TARGETED_DEVICE_FAMILY = "1,2";
			};
			name = Debug;
		};
		025650D92808589300F7C910 /* Release */ = {
			isa = XCBuildConfiguration;
			buildSettings = {
				ASSETCATALOG_COMPILER_APPICON_NAME = AppIcon;
				ASSETCATALOG_COMPILER_GLOBAL_ACCENT_COLOR_NAME = AccentColor;
				CODE_SIGN_STYLE = Automatic;
				CURRENT_PROJECT_VERSION = 1;
				GENERATE_INFOPLIST_FILE = YES;
				INFOPLIST_FILE = ExampleMapKit/Info.plist;
				INFOPLIST_KEY_UIApplicationSupportsIndirectInputEvents = YES;
				INFOPLIST_KEY_UILaunchStoryboardName = LaunchScreen;
				INFOPLIST_KEY_UIMainStoryboardFile = Main;
				INFOPLIST_KEY_UISupportedInterfaceOrientations_iPad = "UIInterfaceOrientationPortrait UIInterfaceOrientationPortraitUpsideDown UIInterfaceOrientationLandscapeLeft UIInterfaceOrientationLandscapeRight";
				INFOPLIST_KEY_UISupportedInterfaceOrientations_iPhone = "UIInterfaceOrientationPortrait UIInterfaceOrientationLandscapeLeft UIInterfaceOrientationLandscapeRight";
				LD_RUNPATH_SEARCH_PATHS = (
					"$(inherited)",
					"@executable_path/Frameworks",
				);
				MARKETING_VERSION = 1.0;
				PRODUCT_BUNDLE_IDENTIFIER = EIT.ExampleMapKit;
				PRODUCT_NAME = "$(TARGET_NAME)";
				SWIFT_EMIT_LOC_STRINGS = YES;
				SWIFT_VERSION = 5.0;
				TARGETED_DEVICE_FAMILY = "1,2";
			};
			name = Release;
		};
/* End XCBuildConfiguration section */

/* Begin XCConfigurationList section */
		025650BE2808588F00F7C910 /* Build configuration list for PBXProject "ExampleMapKit" */ = {
			isa = XCConfigurationList;
			buildConfigurations = (
				025650D52808589300F7C910 /* Debug */,
				025650D62808589300F7C910 /* Release */,
			);
			defaultConfigurationIsVisible = 0;
			defaultConfigurationName = Release;
		};
		025650D72808589300F7C910 /* Build configuration list for PBXNativeTarget "ExampleMapKit" */ = {
			isa = XCConfigurationList;
			buildConfigurations = (
				025650D82808589300F7C910 /* Debug */,
				025650D92808589300F7C910 /* Release */,
			);
			defaultConfigurationIsVisible = 0;
			defaultConfigurationName = Release;
		};
/* End XCConfigurationList section */
	};
	rootObject = 025650BB2808588F00F7C910 /* Project object */;
}
